{
  "nodes": {
    "nixpkgs": {
      "locked": {
        "lastModified": 1789006805,
        "narHash": "sha256-xB8mKMOx1IA9vTDNLmJZ6n4wCMq/cuWBBOzGCRnqxrU=",
        "owner": "NixOS",
        "repo": "nixpkgs",
        "rev": "8ce4ef6cb6f871616146b9fe26d2a5ae594e94fe",
        "type": "github"
      },
      "original": {
        "owner": "NixOS",
        "ref": "nixos-unstable",
        "repo": "nixpkgs",
        "type": "github"
      }
    },
    "nixpkgs_2": {
      "locked": {
        "lastModified": 1790323409,
        "narHash": "sha256-VVTPf+Hyd5ebpjBMHmrLMSBIeW6ls48Bqtosj7CNKLA=",
        "owner": "NixOS",
        "repo": "nixpkgs",
        "rev": "e94cb152ed51bd6e24eb4a41f1460252beb52cd2",
        "type": "github"
      },
      "original": {
        "owner": "NixOS",
        "ref": "nixos-unstable",
        "repo": "nixpkgs",
        "type": "github"
      }
    },
    "root": {
      "inputs": {
        "nixpkgs": "nixpkgs",
        "starintel-edge": "starintel-edge"
      }
    },
    "starintel-edge": {
      "inputs": {
        "nixpkgs": "nixpkgs_2"
      },
      "locked": {
        "lastModified": 1791088445,
        "narHash": "sha256-yj+vbcD01MnuCaPL0/EpaGeiv5tOU77e3EiuGHAHmrw=",
        "owner": "lost-rob0t",
        "repo": "starintel-edge",
        "rev": "d658c0ad7130cab3fa8d99d7d3476c9353d87eeb",
        "type": "github"
      },
      "original": {
        "owner": "lost-rob0t",
        "repo": "starintel-edge",
        "rev": "d658c0ad7130cab3fa8d99d7d3476c9353d87eeb",
        "type": "github"
      }
    }
  },
  "root": "root",
  "version": 7
}
